github.com/chromedp/cdproto v0.0.0-20190217000753-2d8e8962ceb2 h1:4Ck8YOuS0G3+0xMb80cDSff7QpUolhSc0PGyfagbcdA=
github.com/chromedp/cdproto v0.0.0-20190217000753-2d8e8962ceb2/go.mod h1:xquOK9dIGFlLaIGI4c6IyfLI/Gz0LiYYuJtzhsUODgI=
github.com/chromedp/cdproto v0.0.0-20190420234220-b15521df8a75 h1:PWeIUFloU7f5T4IJgYncp7VVBG/BucyAiRFufCKEHkw=
github.com/chromedp/cdproto v0.0.0-20190420234220-b15521df8a75/go.mod h1:xquOK9dIGFlLaIGI4c6IyfLI/Gz0LiYYuJtzhsUODgI=
github.com/chromedp/cdproto v0.0.0-20190429085128-1aa4f57ff2a9 h1:ARnDd2vEk91rLNra8yk1hF40H8z+1HrD6juNpe7FsI0=
github.com/chromedp/cdproto v0.0.0-20190429085128-1aa4f57ff2a9/go.mod h1:xquOK9dIGFlLaIGI4c6IyfLI/Gz0LiYYuJtzhsUODgI=
github.com/chromedp/cdproto v0.0.0-20191114225735-6626966fbae4 h1:QD3KxSJ59L2lxG6MXBjNHxiQO2RmxTQ3XcK+wO44WOg=
github.com/chromedp/cdproto v0.0.0-20191114225735-6626966fbae4/go.mod h1:PfAWWKJqjlGFYJEidUM6aVIWPr0EpobeyVWEEmplX7g=
github.com/chromedp/chromedp v0.1.3 h1:Nkqt42/7tvzg57mexc4LbM8nZbx7vSZ+eiUpeczGGL8=
github.com/chromedp/chromedp v0.1.3/go.mod h1:ZahQlJx8YBfDtuFN80zn6P7fskSotBkdhgKDoLWFANk=
github.com/chromedp/chromedp v0.2.0 h1:+pJcAGF7Ll9hMr22moNRXK5hskMTZlFOogTlHvHslTA=
github.com/chromedp/chromedp v0.2.0/go.mod h1:bSPr/quj5R3tUD/O8cBnOz8sOoHXZELEMd9/ICLjq+8=
github.com/chromedp/chromedp v0.3.1 h1:QV2NmprlDOMssqCjxemgHehVldLB2wp+Spa+bRbQGmc=
github.com/chromedp/chromedp v0.3.1/go.mod h1:EktsZcC2iycVrRhC9fDmshBpCK9lNnZYi6x2q9uE7zI=
github.com/chromedp/chromedp v0.5.2 h1:W8xBXQuUnd2dZK0SN/lyVwsQM7KgW+kY5HGnntms194=
github.com/chromedp/chromedp v0.5.2/go.mod h1:rsTo/xRo23KZZwFmWk2Ui79rBaVRRATCjLzNQlOFSiA=
github.com/disintegration/imaging v1.6.0 h1:nVPXRUUQ36Z7MNf0O77UzgnOb1mkMMor7lmJMJXc/mA=
github.com/disintegration/imaging v1.6.0/go.mod h1:xuIt+sRxDFrHS0drzXUlCJthkJ8k7lkkUojDSR247MQ=
github.com/gobwas/httphead v0.0.0-20180130184737-2c6c146eadee h1:s+21KNqlpePfkah2I+gwHF8xmJWRjooY+5248k6m4A0=
github.com/gobwas/httphead v0.0.0-20180130184737-2c6c146eadee/go.mod h1:L0fX3K22YWvt/FAX9NnzrNzcI4wNYi9Yku4O0LKYflo=
github.com/gobwas/pool v0.2.0 h1:QEmUOlnSjWtnpRGHF3SauEiOsy82Cup83Vf2LcMlnc8=
github.com/gobwas/pool v0.2.0/go.mod h1:q8bcK0KcYlCgd9e7WYLm9LpyS+YeLd8JVDW6WezmKEw=
github.com/gobwas/ws v1.0.0 h1:1WdyfgUcImUfVBvYbsW2krIsnko+1QU2t45soaF8v1M=
github.com/gobwas/ws v1.0.0/go.mod h1:szmBTxLgaFppYjEmNtny/v3w89xOydFnnZMcgRRu/EM=
github.com/gobwas/ws v1.0.2 h1:CoAavW/wd/kulfZmSIBt6p24n4j7tHgNVCjsfHVNUbo=
github.com/gobwas/ws v1.0.2/go.mod h1:szmBTxLgaFppYjEmNtny/v3w89xOydFnnZMcgRRu/EM=
github.com/gorilla/websocket v1.4.0 h1:WDFjx/TMzVgy9VdMMQi2K2Emtwi2QcUQsztZ/zLaH/Q=
github.com/gorilla/websocket v1.4.0/go.mod h1:E7qHFY5m1UJ88s3WnNqhKjPHQ0heANvMoAMk2YaljkQ=
github.com/knq/sysutil v0.0.0-20181215143952-f05b59f0f307 h1:vl4eIlySbjertFaNwiMjXsGrFVK25aOWLq7n+3gh2ls=
github.com/knq/sysutil v0.0.0-20181215143952-f05b59f0f307/go.mod h1:BjPj+aVjl9FW/cCGiF3nGh5v+9Gd3VCgBQbod/GlMaQ=
github.com/knq/sysutil v0.0.0-20191005231841-15668db23d08 h1:V0an7KRw92wmJysvFvtqtKMAPmvS5O0jtB0nYo6t+gs=
github.com/knq/sysutil v0.0.0-20191005231841-15668db23d08/go.mod h1:dFWs1zEqDjFtnBXsd1vPOZaLsESovai349994nHx3e0=
github.com/mailru/easyjson v0.0.0-20180823135443-60711f1a8329/go.mod h1:C1wdFJiN94OJF2b5HbByQZoLdCWB1Yqtg26g4irojpc=
github.com/mailru/easyjson v0.0.0-20190221075403-6243d8e04c3f h1:B6PQkurxGG1rqEX96oE14gbj8bqvYC5dtks9r5uGmlE=
github.com/mailru/easyjson v0.0.0-20190221075403-6243d8e04c3f/go.mod h1:C1wdFJiN94OJF2b5HbByQZoLdCWB1Yqtg26g4irojpc=
github.com/mailru/easyjson v0.0.0-20190403194419-1ea4449da983 h1:wL11wNW7dhKIcRCHSm4sHKPWz0tt4mwBsVodG7+Xyqg=
github.com/mailru/easyjson v0.0.0-20190403194419-1ea4449da983/go.mod h1:C1wdFJiN94OJF2b5HbByQZoLdCWB1Yqtg26g4irojpc=
github.com/mailru/easyjson v0.7.0 h1:aizVhC/NAAcKWb+5QsU1iNOZb4Yws5UO2I+aIprQITM=
github.com/mailru/easyjson v0.7.0/go.mod h1:KAzv3t3aY1NaHWoQz1+4F1ccyAH66Jk7yos7ldAVICs=
golang.org/x/image v0.0.0-20180708004352-c73c2afc3b81/go.mod h1:ux5Hcp/YLpHSI86hEcLt0YII63i6oz57MZXIpbrjZUs=
golang.org/x/image v0.0.0-20190220214146-31aff87c08e9 h1:+vH8qNweCrORN49012OX3h0oWEXO3p+rRnpAGQinddk=
golang.org/x/image v0.0.0-20190220214146-31aff87c08e9/go.mod h1:kZ7UVZpmo3dzQBMxlp+ypCbDeSB+sBbTgSJuh5dn5js=
golang.org/x/image v0.0.0-20190417020941-4e30a6eb7d9a h1:Rvz6SxvUYdeTtV9mm96imoWefLnhtz9Ac/gJfFfPzdc=
golang.org/x/image v0.0.0-20190417020941-4e30a6eb7d9a/go.mod h1:kZ7UVZpmo3dzQBMxlp+ypCbDeSB+sBbTgSJuh5dn5js=
golang.org/x/sys v0.0.0-20190509141414-a5b02f93d862/go.mod h1:h1NjWce9XRLGQEsW7wpKNCjG9DtNlClVuFLEZdDNbEs=
golang.org/x/sys v0.0.0-20191113165036-4c7a9d0fe056 h1:dHtDnRWQtSx0Hjq9kvKFpBh9uPPKfQN70NZZmvssGwk=
golang.org/x/sys v0.0.0-20191113165036-4c7a9d0fe056/go.mod h1:h1NjWce9XRLGQEsW7wpKNCjG9DtNlClVuFLEZdDNbEs=
golang.org/x/text v0.3.0/go.mod h1:NqM8EUOU14njkJ3fqMW+pc6Ldnwhi/IjpwHt7yyuwOQ=
